
Microsoft Visual Studio Solution File, Format Version 12.00
# Visual Studio Version 17
VisualStudioVersion = 17.0.31903.59
MinimumVisualStudioVersion = 10.0.40219.1
Project("{2150E333-8FDC-42A3-9474-1A3956D46DE8}") = "src", "src", "{E2141DB8-AD11-4C3D-B4EE-B22276702CCF}"
EndProject
Project("{2150E333-8FDC-42A3-9474-1A3956D46DE8}") = "6.WebApi", "6.WebApi", "{0CE9D26C-B312-4106-9BBA-C2A2C7BC3C2D}"
EndProject
Project("{9A19103F-16F7-4668-BE54-9A1E7A4F7556}") = "Rsp.RtsService.WebApi", "src\WebApi\Rsp.RtsService.WebApi\Rsp.RtsService.WebApi.csproj", "{E5941B56-250E-4FF3-8C84-133FD68D0A5B}"
EndProject
Project("{2150E333-8FDC-42A3-9474-1A3956D46DE8}") = "2.Domain", "2.Domain", "{D3B3409B-5870-453A-9629-5442D9C112C0}"
EndProject
Project("{9A19103F-16F7-4668-BE54-9A1E7A4F7556}") = "Rsp.RtsService.Domain", "src\Domain\Rsp.RtsService.Domain\Rsp.RtsService.Domain.csproj", "{F20E0D6A-429C-45E1-9A8A-4D57539AFBCA}"
EndProject
Project("{2150E333-8FDC-42A3-9474-1A3956D46DE8}") = "3.Application", "3.Application", "{A16906DA-8F7C-454E-88A1-C146F6D898F4}"
EndProject
Project("{9A19103F-16F7-4668-BE54-9A1E7A4F7556}") = "Rsp.RtsService.Application", "src\Application\Rsp.RtsService.Application\Rsp.RtsService.Application.csproj", "{CC98EAB6-43EA-40C4-9EC0-C6CF70579470}"
EndProject
Project("{2150E333-8FDC-42A3-9474-1A3956D46DE8}") = "5.Infrastructure", "5.Infrastructure", "{AD4B2B78-09C1-4142-8857-E93670B671B2}"
EndProject
Project("{9A19103F-16F7-4668-BE54-9A1E7A4F7556}") = "Rsp.RtsService.Infrastructure", "src\Infrastructure\Rsp.RtsService.Infrastructure\Rsp.RtsService.Infrastructure.csproj", "{65FDE0C5-AD2C-4B90-8A6A-903D3D1B261B}"
EndProject
Project("{2150E333-8FDC-42A3-9474-1A3956D46DE8}") = "4.Services", "4.Services", "{F241002C-8F15-4C1B-832D-2C26D75FA96F}"
EndProject
Project("{9A19103F-16F7-4668-BE54-9A1E7A4F7556}") = "Rsp.RtsService.Services", "src\Services\Rsp.RtsService.Services\Rsp.RtsService.Services.csproj", "{22D3A68A-DFE7-4774-BDE0-D2CD0034D4F7}"
EndProject
Project("{2150E333-8FDC-42A3-9474-1A3956D46DE8}") = "tests", "tests", "{8FCA535F-9C4C-4158-9490-6C59B938E5C0}"
EndProject
Project("{2150E333-8FDC-42A3-9474-1A3956D46DE8}") = "UnitTests", "UnitTests", "{75C1B9D5-B905-4BB4-AD48-9F1EC67C3B3E}"
EndProject
Project("{9A19103F-16F7-4668-BE54-9A1E7A4F7556}") = "Rsp.RtsService.UnitTests", "tests\UnitTests\Rsp.RtsService.UnitTests\Rsp.RtsService.UnitTests.csproj", "{3C28D9E1-9163-4B6D-B3AE-C3BBCDBF7831}"
EndProject
Project("{2150E333-8FDC-42A3-9474-1A3956D46DE8}") = "IntegrationTests", "IntegrationTests", "{D8A75F15-6B20-40C8-BFB5-424D6D841DD7}"
EndProject
Project("{9A19103F-16F7-4668-BE54-9A1E7A4F7556}") = "Rsp.RtsService.IntegrationTests", "tests\IntegrationTests\Rsp.RtsService.IntegrationTests\Rsp.RtsService.IntegrationTests.csproj", "{7B624BB9-24AA-463D-9B88-C8FF7E31A3EA}"
EndProject
Project("{2150E333-8FDC-42A3-9474-1A3956D46DE8}") = "Solution Items", "Solution Items", "{48F7A857-5064-4B1E-93F8-B87027A4CB31}"
	ProjectSection(SolutionItems) = preProject
		.editorconfig = .editorconfig
		.gitignore = .gitignore
		README.md = README.md
		rts-import-function.azure-pipelines.yaml = rts-import-function.azure-pipelines.yaml
		rts-service.azure-pipelines.yaml = rts-service.azure-pipelines.yaml
	EndProjectSection
EndProject
Project("{2150E333-8FDC-42A3-9474-1A3956D46DE8}") = ".AppHost", ".AppHost", "{0DA7D0C6-98EA-46F2-A366-835EA6022212}"
	ProjectSection(SolutionItems) = preProject
		src\AppHost\README.md = src\AppHost\README.md
	EndProjectSection
EndProject
Project("{2150E333-8FDC-42A3-9474-1A3956D46DE8}") = "1.Startup", "1.Startup", "{6B6E471C-3B4B-4B4E-94AF-9249ECFBB6DA}"
EndProject
Project("{9A19103F-16F7-4668-BE54-9A1E7A4F7556}") = "Rsp.RtsService", "src\Startup\Rsp.RtsService\Rsp.RtsService.csproj", "{62C599CF-E9C1-4EB4-A1F2-AA47A136BA1C}"
EndProject
Project("{FAE04EC0-301F-11D3-BF4B-00C04F79EFBC}") = "Rsp.ServiceDefaults", "..\rsp-service-defaults\src\Rsp.ServiceDefaults\Rsp.ServiceDefaults.csproj", "{71C1E318-2EFC-4C48-8E21-0EBD13E563CE}"
EndProject
Project("{2150E333-8FDC-42A3-9474-1A3956D46DE8}") = "7.Functions", "7.Functions", "{22DEF015-F270-4A9E-B646-F74087AD211A}"
EndProject
Project("{FAE04EC0-301F-11D3-BF4B-00C04F79EFBC}") = "Rsp.RtsImport", "src\Functions\Rsp.RtsImport\Rsp.RtsImport.csproj", "{02F825A6-0FD4-4A3A-BFE0-CC3461A39C69}"
EndProject
Global
	GlobalSection(SolutionConfigurationPlatforms) = preSolution
		Debug|Any CPU = Debug|Any CPU
		Release|Any CPU = Release|Any CPU
	EndGlobalSection
	GlobalSection(ProjectConfigurationPlatforms) = postSolution
		{E5941B56-250E-4FF3-8C84-133FD68D0A5B}.Debug|Any CPU.ActiveCfg = Debug|Any CPU
		{E5941B56-250E-4FF3-8C84-133FD68D0A5B}.Debug|Any CPU.Build.0 = Debug|Any CPU
		{E5941B56-250E-4FF3-8C84-133FD68D0A5B}.Release|Any CPU.ActiveCfg = Release|Any CPU
		{E5941B56-250E-4FF3-8C84-133FD68D0A5B}.Release|Any CPU.Build.0 = Release|Any CPU
		{F20E0D6A-429C-45E1-9A8A-4D57539AFBCA}.Debug|Any CPU.ActiveCfg = Debug|Any CPU
		{F20E0D6A-429C-45E1-9A8A-4D57539AFBCA}.Debug|Any CPU.Build.0 = Debug|Any CPU
		{F20E0D6A-429C-45E1-9A8A-4D57539AFBCA}.Release|Any CPU.ActiveCfg = Release|Any CPU
		{F20E0D6A-429C-45E1-9A8A-4D57539AFBCA}.Release|Any CPU.Build.0 = Release|Any CPU
		{CC98EAB6-43EA-40C4-9EC0-C6CF70579470}.Debug|Any CPU.ActiveCfg = Debug|Any CPU
		{CC98EAB6-43EA-40C4-9EC0-C6CF70579470}.Debug|Any CPU.Build.0 = Debug|Any CPU
		{CC98EAB6-43EA-40C4-9EC0-C6CF70579470}.Release|Any CPU.ActiveCfg = Release|Any CPU
		{CC98EAB6-43EA-40C4-9EC0-C6CF70579470}.Release|Any CPU.Build.0 = Release|Any CPU
		{65FDE0C5-AD2C-4B90-8A6A-903D3D1B261B}.Debug|Any CPU.ActiveCfg = Debug|Any CPU
		{65FDE0C5-AD2C-4B90-8A6A-903D3D1B261B}.Debug|Any CPU.Build.0 = Debug|Any CPU
		{65FDE0C5-AD2C-4B90-8A6A-903D3D1B261B}.Release|Any CPU.ActiveCfg = Release|Any CPU
		{65FDE0C5-AD2C-4B90-8A6A-903D3D1B261B}.Release|Any CPU.Build.0 = Release|Any CPU
		{22D3A68A-DFE7-4774-BDE0-D2CD0034D4F7}.Debug|Any CPU.ActiveCfg = Debug|Any CPU
		{22D3A68A-DFE7-4774-BDE0-D2CD0034D4F7}.Debug|Any CPU.Build.0 = Debug|Any CPU
		{22D3A68A-DFE7-4774-BDE0-D2CD0034D4F7}.Release|Any CPU.ActiveCfg = Release|Any CPU
		{22D3A68A-DFE7-4774-BDE0-D2CD0034D4F7}.Release|Any CPU.Build.0 = Release|Any CPU
		{3C28D9E1-9163-4B6D-B3AE-C3BBCDBF7831}.Debug|Any CPU.ActiveCfg = Debug|Any CPU
		{3C28D9E1-9163-4B6D-B3AE-C3BBCDBF7831}.Debug|Any CPU.Build.0 = Debug|Any CPU
		{3C28D9E1-9163-4B6D-B3AE-C3BBCDBF7831}.Release|Any CPU.ActiveCfg = Release|Any CPU
		{3C28D9E1-9163-4B6D-B3AE-C3BBCDBF7831}.Release|Any CPU.Build.0 = Release|Any CPU
		{7B624BB9-24AA-463D-9B88-C8FF7E31A3EA}.Debug|Any CPU.ActiveCfg = Debug|Any CPU
		{7B624BB9-24AA-463D-9B88-C8FF7E31A3EA}.Debug|Any CPU.Build.0 = Debug|Any CPU
		{7B624BB9-24AA-463D-9B88-C8FF7E31A3EA}.Release|Any CPU.ActiveCfg = Release|Any CPU
		{7B624BB9-24AA-463D-9B88-C8FF7E31A3EA}.Release|Any CPU.Build.0 = Release|Any CPU
		{62C599CF-E9C1-4EB4-A1F2-AA47A136BA1C}.Debug|Any CPU.ActiveCfg = Debug|Any CPU
		{62C599CF-E9C1-4EB4-A1F2-AA47A136BA1C}.Debug|Any CPU.Build.0 = Debug|Any CPU
		{62C599CF-E9C1-4EB4-A1F2-AA47A136BA1C}.Release|Any CPU.ActiveCfg = Release|Any CPU
		{62C599CF-E9C1-4EB4-A1F2-AA47A136BA1C}.Release|Any CPU.Build.0 = Release|Any CPU
		{71C1E318-2EFC-4C48-8E21-0EBD13E563CE}.Debug|Any CPU.ActiveCfg = Debug|Any CPU
		{71C1E318-2EFC-4C48-8E21-0EBD13E563CE}.Debug|Any CPU.Build.0 = Debug|Any CPU
		{71C1E318-2EFC-4C48-8E21-0EBD13E563CE}.Release|Any CPU.ActiveCfg = Release|Any CPU
		{71C1E318-2EFC-4C48-8E21-0EBD13E563CE}.Release|Any CPU.Build.0 = Release|Any CPU
		{02F825A6-0FD4-4A3A-BFE0-CC3461A39C69}.Debug|Any CPU.ActiveCfg = Debug|Any CPU
		{02F825A6-0FD4-4A3A-BFE0-CC3461A39C69}.Debug|Any CPU.Build.0 = Debug|Any CPU
		{02F825A6-0FD4-4A3A-BFE0-CC3461A39C69}.Release|Any CPU.ActiveCfg = Release|Any CPU
		{02F825A6-0FD4-4A3A-BFE0-CC3461A39C69}.Release|Any CPU.Build.0 = Release|Any CPU
	EndGlobalSection
	GlobalSection(SolutionProperties) = preSolution
		HideSolutionNode = FALSE
	EndGlobalSection
	GlobalSection(NestedProjects) = preSolution
		{0CE9D26C-B312-4106-9BBA-C2A2C7BC3C2D} = {E2141DB8-AD11-4C3D-B4EE-B22276702CCF}
		{E5941B56-250E-4FF3-8C84-133FD68D0A5B} = {0CE9D26C-B312-4106-9BBA-C2A2C7BC3C2D}
		{D3B3409B-5870-453A-9629-5442D9C112C0} = {E2141DB8-AD11-4C3D-B4EE-B22276702CCF}
		{F20E0D6A-429C-45E1-9A8A-4D57539AFBCA} = {D3B3409B-5870-453A-9629-5442D9C112C0}
		{A16906DA-8F7C-454E-88A1-C146F6D898F4} = {E2141DB8-AD11-4C3D-B4EE-B22276702CCF}
		{CC98EAB6-43EA-40C4-9EC0-C6CF70579470} = {A16906DA-8F7C-454E-88A1-C146F6D898F4}
		{AD4B2B78-09C1-4142-8857-E93670B671B2} = {E2141DB8-AD11-4C3D-B4EE-B22276702CCF}
		{65FDE0C5-AD2C-4B90-8A6A-903D3D1B261B} = {AD4B2B78-09C1-4142-8857-E93670B671B2}
		{F241002C-8F15-4C1B-832D-2C26D75FA96F} = {E2141DB8-AD11-4C3D-B4EE-B22276702CCF}
		{22D3A68A-DFE7-4774-BDE0-D2CD0034D4F7} = {F241002C-8F15-4C1B-832D-2C26D75FA96F}
		{75C1B9D5-B905-4BB4-AD48-9F1EC67C3B3E} = {8FCA535F-9C4C-4158-9490-6C59B938E5C0}
		{3C28D9E1-9163-4B6D-B3AE-C3BBCDBF7831} = {75C1B9D5-B905-4BB4-AD48-9F1EC67C3B3E}
		{D8A75F15-6B20-40C8-BFB5-424D6D841DD7} = {8FCA535F-9C4C-4158-9490-6C59B938E5C0}
		{7B624BB9-24AA-463D-9B88-C8FF7E31A3EA} = {D8A75F15-6B20-40C8-BFB5-424D6D841DD7}
		{0DA7D0C6-98EA-46F2-A366-835EA6022212} = {E2141DB8-AD11-4C3D-B4EE-B22276702CCF}
		{6B6E471C-3B4B-4B4E-94AF-9249ECFBB6DA} = {E2141DB8-AD11-4C3D-B4EE-B22276702CCF}
		{62C599CF-E9C1-4EB4-A1F2-AA47A136BA1C} = {6B6E471C-3B4B-4B4E-94AF-9249ECFBB6DA}
		{71C1E318-2EFC-4C48-8E21-0EBD13E563CE} = {0DA7D0C6-98EA-46F2-A366-835EA6022212}
		{22DEF015-F270-4A9E-B646-F74087AD211A} = {E2141DB8-AD11-4C3D-B4EE-B22276702CCF}
		{02F825A6-0FD4-4A3A-BFE0-CC3461A39C69} = {22DEF015-F270-4A9E-B646-F74087AD211A}
	EndGlobalSection
	GlobalSection(ExtensibilityGlobals) = postSolution
		SolutionGuid = {A5DB22D6-5A8A-4712-BCC1-35DDF8215853}
	EndGlobalSection
EndGlobal
